
Microsoft Visual Studio Solution File, Format Version 12.00
# Visual Studio Version 17
VisualStudioVersion = 17.0.31903.59
MinimumVisualStudioVersion = 10.0.40219.1
Project("{FAE04EC0-301F-11D3-BF4B-00C04F79EFBC}") = "BetterDecorator", "BetterDecorator\BetterDecorator.csproj", "{5DE62C4B-2EE1-4CF6-9469-E2E6C8121E51}"
EndProject
Project("{FAE04EC0-301F-11D3-BF4B-00C04F79EFBC}") = "Special", "Special\Special.csproj", "{8CD90311-DDA8-4E94-9B5D-F84DEEA17285}"
EndProject
Project("{FAE04EC0-301F-11D3-BF4B-00C04F79EFBC}") = "ValuesAndReferences", "ValuesAndReferences\ValuesAndReferences.csproj", "{9B633A43-1555-41B3-A96F-C8F99C5E7A72}"
EndProject
Global
	GlobalSection(SolutionConfigurationPlatforms) = preSolution
		Debug|Any CPU = Debug|Any CPU
		Release|Any CPU = Release|Any CPU
	EndGlobalSection
	GlobalSection(SolutionProperties) = preSolution
		HideSolutionNode = FALSE
	EndGlobalSection
	GlobalSection(ProjectConfigurationPlatforms) = postSolution
		{5DE62C4B-2EE1-4CF6-9469-E2E6C8121E51}.Debug|Any CPU.ActiveCfg = Debug|Any CPU
		{5DE62C4B-2EE1-4CF6-9469-E2E6C8121E51}.Debug|Any CPU.Build.0 = Debug|Any CPU
		{5DE62C4B-2EE1-4CF6-9469-E2E6C8121E51}.Release|Any CPU.ActiveCfg = Release|Any CPU
		{5DE62C4B-2EE1-4CF6-9469-E2E6C8121E51}.Release|Any CPU.Build.0 = Release|Any CPU
		{8CD90311-DDA8-4E94-9B5D-F84DEEA17285}.Debug|Any CPU.ActiveCfg = Debug|Any CPU
		{8CD90311-DDA8-4E94-9B5D-F84DEEA17285}.Debug|Any CPU.Build.0 = Debug|Any CPU
		{8CD90311-DDA8-4E94-9B5D-F84DEEA17285}.Release|Any CPU.ActiveCfg = Release|Any CPU
		{8CD90311-DDA8-4E94-9B5D-F84DEEA17285}.Release|Any CPU.Build.0 = Release|Any CPU
		{9B633A43-1555-41B3-A96F-C8F99C5E7A72}.Debug|Any CPU.ActiveCfg = Debug|Any CPU
		{9B633A43-1555-41B3-A96F-C8F99C5E7A72}.Debug|Any CPU.Build.0 = Debug|Any CPU
		{9B633A43-1555-41B3-A96F-C8F99C5E7A72}.Release|Any CPU.ActiveCfg = Release|Any CPU
		{9B633A43-1555-41B3-A96F-C8F99C5E7A72}.Release|Any CPU.Build.0 = Release|Any CPU
	EndGlobalSection
EndGlobal
